// !$*UTF8*$!
{
	archiveVersion = 1;
	classes = {
	};
	objectVersion = 55;
	objects = {

/* Begin PBXBuildFile section */
		075F2ABF2861D4940038D405 /* AppDelegate.swift in Sources */ = {isa = PBXBuildFile; fileRef = 075F2ABE2861D4940038D405 /* AppDelegate.swift */; };
		075F2AC12861D4940038D405 /* SceneDelegate.swift in Sources */ = {isa = PBXBuildFile; fileRef = 075F2AC02861D4940038D405 /* SceneDelegate.swift */; };
		075F2AC32861D4940038D405 /* ViewController.swift in Sources */ = {isa = PBXBuildFile; fileRef = 075F2AC22861D4940038D405 /* ViewController.swift */; };
		075F2AC62861D4940038D405 /* Main.storyboard in Resources */ = {isa = PBXBuildFile; fileRef = 075F2AC42861D4940038D405 /* Main.storyboard */; };
		075F2AC82861D4950038D405 /* Assets.xcassets in Resources */ = {isa = PBXBuildFile; fileRef = 075F2AC72861D4950038D405 /* Assets.xcassets */; };
		075F2ACB2861D4950038D405 /* LaunchScreen.storyboard in Resources */ = {isa = PBXBuildFile; fileRef = 075F2AC92861D4950038D405 /* LaunchScreen.storyboard */; };
		075F2AD62861D4950038D405 /* RandomPhotoGeneratorTests.swift in Sources */ = {isa = PBXBuildFile; fileRef = 075F2AD52861D4950038D405 /* RandomPhotoGeneratorTests.swift */; };
		075F2AE02861D4950038D405 /* RandomPhotoGeneratorUITests.swift in Sources */ = {isa = PBXBuildFile; fileRef = 075F2ADF2861D4950038D405 /* RandomPhotoGeneratorUITests.swift */; };
		075F2AE22861D4950038D405 /* RandomPhotoGeneratorUITestsLaunchTests.swift in Sources */ = {isa = PBXBuildFile; fileRef = 075F2AE12861D4950038D405 /* RandomPhotoGeneratorUITestsLaunchTests.swift */; };
/* End PBXBuildFile section */

/* Begin PBXContainerItemProxy section */
		075F2AD22861D4950038D405 /* PBXContainerItemProxy */ = {
			isa = PBXContainerItemProxy;
			containerPortal = 075F2AB32861D4940038D405 /* Project object */;
			proxyType = 1;
			remoteGlobalIDString = 075F2ABA2861D4940038D405;
			remoteInfo = RandomPhotoGenerator;
		};
		075F2ADC2861D4950038D405 /* PBXContainerItemProxy */ = {
			isa = PBXContainerItemProxy;
			containerPortal = 075F2AB32861D4940038D405 /* Project object */;
			proxyType = 1;
			remoteGlobalIDString = 075F2ABA2861D4940038D405;
			remoteInfo = RandomPhotoGenerator;
		};
/* End PBXContainerItemProxy section */

/* Begin PBXFileReference section */
		075F2ABB2861D4940038D405 /* RandomPhotoGenerator.app */ = {isa = PBXFileReference; explicitFileType = wrapper.application; includeInIndex = 0; path = RandomPhotoGenerator.app; sourceTree = BUILT_PRODUCTS_DIR; };
		075F2ABE2861D4940038D405 /* AppDelegate.swift */ = {isa = PBXFileReference; lastKnownFileType = sourcecode.swift; path = AppDelegate.swift; sourceTree = "<group>"; };
		075F2AC02861D4940038D405 /* SceneDelegate.swift */ = {isa = PBXFileReference; lastKnownFileType = sourcecode.swift; path = SceneDelegate.swift; sourceTree = "<group>"; };
		075F2AC22861D4940038D405 /* ViewController.swift */ = {isa = PBXFileReference; lastKnownFileType = sourcecode.swift; path = ViewController.swift; sourceTree = "<group>"; };
		075F2AC52861D4940038D405 /* Base */ = {isa = PBXFileReference; lastKnownFileType = file.storyboard; name = Base; path = Base.lproj/Main.storyboard; sourceTree = "<group>"; };
		075F2AC72861D4950038D405 /* Assets.xcassets */ = {isa = PBXFileReference; lastKnownFileType = folder.assetcatalog; path = Assets.xcassets; sourceTree = "<group>"; };
		075F2ACA2861D4950038D405 /* Base */ = {isa = PBXFileReference; lastKnownFileType = file.storyboard; name = Base; path = Base.lproj/LaunchScreen.storyboard; sourceTree = "<group>"; };
		075F2ACC2861D4950038D405 /* Info.plist */ = {isa = PBXFileReference; lastKnownFileType = text.plist.xml; path = Info.plist; sourceTree = "<group>"; };
		075F2AD12861D4950038D405 /* RandomPhotoGeneratorTests.xctest */ = {isa = PBXFileReference; explicitFileType = wrapper.cfbundle; includeInIndex = 0; path = RandomPhotoGeneratorTests.xctest; sourceTree = BUILT_PRODUCTS_DIR; };
		075F2AD52861D4950038D405 /* RandomPhotoGeneratorTests.swift */ = {isa = PBXFileReference; lastKnownFileType = sourcecode.swift; path = RandomPhotoGeneratorTests.swift; sourceTree = "<group>"; };
		075F2ADB2861D4950038D405 /* RandomPhotoGeneratorUITests.xctest */ = {isa = PBXFileReference; explicitFileType = wrapper.cfbundle; includeInIndex = 0; path = RandomPhotoGeneratorUITests.xctest; sourceTree = BUILT_PRODUCTS_DIR; };
		075F2ADF2861D4950038D405 /* RandomPhotoGeneratorUITests.swift */ = {isa = PBXFileReference; lastKnownFileType = sourcecode.swift; path = RandomPhotoGeneratorUITests.swift; sourceTree = "<group>"; };
		075F2AE12861D4950038D405 /* RandomPhotoGeneratorUITestsLaunchTests.swift */ = {isa = PBXFileReference; lastKnownFileType = sourcecode.swift; path = RandomPhotoGeneratorUITestsLaunchTests.swift; sourceTree = "<group>"; };
/* End PBXFileReference section */

/* Begin PBXFrameworksBuildPhase section */
		075F2AB82861D4940038D405 /* Frameworks */ = {
			isa = PBXFrameworksBuildPhase;
			buildActionMask = 2147483647;
			files = (
			);
			runOnlyForDeploymentPostprocessing = 0;
		};
		075F2ACE2861D4950038D405 /* Frameworks */ = {
			isa = PBXFrameworksBuildPhase;
			buildActionMask = 2147483647;
			files = (
			);
			runOnlyForDeploymentPostprocessing = 0;
		};
		075F2AD82861D4950038D405 /* Frameworks */ = {
			isa = PBXFrameworksBuildPhase;
			buildActionMask = 2147483647;
			files = (
			);
			runOnlyForDeploymentPostprocessing = 0;
		};
/* End PBXFrameworksBuildPhase section */

/* Begin PBXGroup section */
		075F2AB22861D4940038D405 = {
			isa = PBXGroup;
			children = (
				075F2ABD2861D4940038D405 /* RandomPhotoGenerator */,
				075F2AD42861D4950038D405 /* RandomPhotoGeneratorTests */,
				075F2ADE2861D4950038D405 /* RandomPhotoGeneratorUITests */,
				075F2ABC2861D4940038D405 /* Products */,
			);
			sourceTree = "<group>";
		};
		075F2ABC2861D4940038D405 /* Products */ = {
			isa = PBXGroup;
			children = (
				075F2ABB2861D4940038D405 /* RandomPhotoGenerator.app */,
				075F2AD12861D4950038D405 /* RandomPhotoGeneratorTests.xctest */,
				075F2ADB2861D4950038D405 /* RandomPhotoGeneratorUITests.xctest */,
			);
			name = Products;
			sourceTree = "<group>";
		};
		075F2ABD2861D4940038D405 /* RandomPhotoGenerator */ = {
			isa = PBXGroup;
			children = (
				075F2ABE2861D4940038D405 /* AppDelegate.swift */,
				075F2AC02861D4940038D405 /* SceneDelegate.swift */,
				075F2AC22861D4940038D405 /* ViewController.swift */,
				075F2AC42861D4940038D405 /* Main.storyboard */,
				075F2AC72861D4950038D405 /* Assets.xcassets */,
				075F2AC92861D4950038D405 /* LaunchScreen.storyboard */,
				075F2ACC2861D4950038D405 /* Info.plist */,
			);
			path = RandomPhotoGenerator;
			sourceTree = "<group>";
		};
		075F2AD42861D4950038D405 /* RandomPhotoGeneratorTests */ = {
			isa = PBXGroup;
			children = (
				075F2AD52861D4950038D405 /* RandomPhotoGeneratorTests.swift */,
			);
			path = RandomPhotoGeneratorTests;
			sourceTree = "<group>";
		};
		075F2ADE2861D4950038D405 /* RandomPhotoGeneratorUITests */ = {
			isa = PBXGroup;
			children = (
				075F2ADF2861D4950038D405 /* RandomPhotoGeneratorUITests.swift */,
				075F2AE12861D4950038D405 /* RandomPhotoGeneratorUITestsLaunchTests.swift */,
			);
			path = RandomPhotoGeneratorUITests;
			sourceTree = "<group>";
		};
/* End PBXGroup section */

/* Begin PBXNativeTarget section */
		075F2ABA2861D4940038D405 /* RandomPhotoGenerator */ = {
			isa = PBXNativeTarget;
			buildConfigurationList = 075F2AE52861D4950038D405 /* Build configuration list for PBXNativeTarget "RandomPhotoGenerator" */;
			buildPhases = (
				075F2AB72861D4940038D405 /* Sources */,
				075F2AB82861D4940038D405 /* Frameworks */,
				075F2AB92861D4940038D405 /* Resources */,
			);
			buildRules = (
			);
			dependencies = (
			);
			name = RandomPhotoGenerator;
			productName = RandomPhotoGenerator;
			productReference = 075F2ABB2861D4940038D405 /* RandomPhotoGenerator.app */;
			productType = "com.apple.product-type.application";
		};
		075F2AD02861D4950038D405 /* RandomPhotoGeneratorTests */ = {
			isa = PBXNativeTarget;
			buildConfigurationList = 075F2AE82861D4950038D405 /* Build configuration list for PBXNativeTarget "RandomPhotoGeneratorTests" */;
			buildPhases = (
				075F2ACD2861D4950038D405 /* Sources */,
				075F2ACE2861D4950038D405 /* Frameworks */,
				075F2ACF2861D4950038D405 /* Resources */,
			);
			buildRules = (
			);
			dependencies = (
				075F2AD32861D4950038D405 /* PBXTargetDependency */,
			);
			name = RandomPhotoGeneratorTests;
			productName = RandomPhotoGeneratorTests;
			productReference = 075F2AD12861D4950038D405 /* RandomPhotoGeneratorTests.xctest */;
			productType = "com.apple.product-type.bundle.unit-test";
		};
		075F2ADA2861D4950038D405 /* RandomPhotoGeneratorUITests */ = {
			isa = PBXNativeTarget;
			buildConfigurationList = 075F2AEB2861D4950038D405 /* Build configuration list for PBXNativeTarget "RandomPhotoGeneratorUITests" */;
			buildPhases = (
				075F2AD72861D4950038D405 /* Sources */,
				075F2AD82861D4950038D405 /* Frameworks */,
				075F2AD92861D4950038D405 /* Resources */,
			);
			buildRules = (
			);
			dependencies = (
				075F2ADD2861D4950038D405 /* PBXTargetDependency */,
			);
			name = RandomPhotoGeneratorUITests;
			productName = RandomPhotoGeneratorUITests;
			productReference = 075F2ADB2861D4950038D405 /* RandomPhotoGeneratorUITests.xctest */;
			productType = "com.apple.product-type.bundle.ui-testing";
		};
/* End PBXNativeTarget section */

/* Begin PBXProject section */
		075F2AB32861D4940038D405 /* Project object */ = {
			isa = PBXProject;
			attributes = {
				BuildIndependentTargetsInParallel = 1;
				LastSwiftUpdateCheck = 1340;
				LastUpgradeCheck = 1340;
				TargetAttributes = {
					075F2ABA2861D4940038D405 = {
						CreatedOnToolsVersion = 13.4.1;
					};
					075F2AD02861D4950038D405 = {
						CreatedOnToolsVersion = 13.4.1;
						TestTargetID = 075F2ABA2861D4940038D405;
					};
					075F2ADA2861D4950038D405 = {
						CreatedOnToolsVersion = 13.4.1;
						TestTargetID = 075F2ABA2861D4940038D405;
					};
				};
			};
			buildConfigurationList = 075F2AB62861D4940038D405 /* Build configuration list for PBXProject "RandomPhotoGenerator" */;
			compatibilityVersion = "Xcode 13.0";
			developmentRegion = en;
			hasScannedForEncodings = 0;
			knownRegions = (
				en,
				Base,
			);
			mainGroup = 075F2AB22861D4940038D405;
			productRefGroup = 075F2ABC2861D4940038D405 /* Products */;
			projectDirPath = "";
			projectRoot = "";
			targets = (
				075F2ABA2861D4940038D405 /* RandomPhotoGenerator */,
				075F2AD02861D4950038D405 /* RandomPhotoGeneratorTests */,
				075F2ADA2861D4950038D405 /* RandomPhotoGeneratorUITests */,
			);
		};
/* End PBXProject section */

/* Begin PBXResourcesBuildPhase section */
		075F2AB92861D4940038D405 /* Resources */ = {
			isa = PBXResourcesBuildPhase;
			buildActionMask = 2147483647;
			files = (
				075F2ACB2861D4950038D405 /* LaunchScreen.storyboard in Resources */,
				075F2AC82861D4950038D405 /* Assets.xcassets in Resources */,
				075F2AC62861D4940038D405 /* Main.storyboard in Resources */,
			);
			runOnlyForDeploymentPostprocessing = 0;
		};
		075F2ACF2861D4950038D405 /* Resources */ = {
			isa = PBXResourcesBuildPhase;
			buildActionMask = 2147483647;
			files = (
			);
			runOnlyForDeploymentPostprocessing = 0;
		};
		075F2AD92861D4950038D405 /* Resources */ = {
			isa = PBXResourcesBuildPhase;
			buildActionMask = 2147483647;
			files = (
			);
			runOnlyForDeploymentPostprocessing = 0;
		};
/* End PBXResourcesBuildPhase section */

/* Begin PBXSourcesBuildPhase section */
		075F2AB72861D4940038D405 /* Sources */ = {
			isa = PBXSourcesBuildPhase;
			buildActionMask = 2147483647;
			files = (
				075F2AC32861D4940038D405 /* ViewController.swift in Sources */,
				075F2ABF2861D4940038D405 /* AppDelegate.swift in Sources */,
				075F2AC12861D4940038D405 /* SceneDelegate.swift in Sources */,
			);
			runOnlyForDeploymentPostprocessing = 0;
		};
		075F2ACD2861D4950038D405 /* Sources */ = {
			isa = PBXSourcesBuildPhase;
			buildActionMask = 2147483647;
			files = (
				075F2AD62861D4950038D405 /* RandomPhotoGeneratorTests.swift in Sources */,
			);
			runOnlyForDeploymentPostprocessing = 0;
		};
		075F2AD72861D4950038D405 /* Sources */ = {
			isa = PBXSourcesBuildPhase;
			buildActionMask = 2147483647;
			files = (
				075F2AE22861D4950038D405 /* RandomPhotoGeneratorUITestsLaunchTests.swift in Sources */,
				075F2AE02861D4950038D405 /* RandomPhotoGeneratorUITests.swift in Sources */,
			);
			runOnlyForDeploymentPostprocessing = 0;
		};
/* End PBXSourcesBuildPhase section */

/* Begin PBXTargetDependency section */
		075F2AD32861D4950038D405 /* PBXTargetDependency */ = {
			isa = PBXTargetDependency;
			target = 075F2ABA2861D4940038D405 /* RandomPhotoGenerator */;
			targetProxy = 075F2AD22861D4950038D405 /* PBXContainerItemProxy */;
		};
		075F2ADD2861D4950038D405 /* PBXTargetDependency */ = {
			isa = PBXTargetDependency;
			target = 075F2ABA2861D4940038D405 /* RandomPhotoGenerator */;
			targetProxy = 075F2ADC2861D4950038D405 /* PBXContainerItemProxy */;
		};
/* End PBXTargetDependency section */

/* Begin PBXVariantGroup section */
		075F2AC42861D4940038D405 /* Main.storyboard */ = {
			isa = PBXVariantGroup;
			children = (
				075F2AC52861D4940038D405 /* Base */,
			);
			name = Main.storyboard;
			sourceTree = "<group>";
		};
		075F2AC92861D4950038D405 /* LaunchScreen.storyboard */ = {
			isa = PBXVariantGroup;
			children = (
				075F2ACA2861D4950038D405 /* Base */,
			);
			name = LaunchScreen.storyboard;
			sourceTree = "<group>";
		};
/* End PBXVariantGroup section */

/* Begin XCBuildConfiguration section */
		075F2AE32861D4950038D405 /* Debug */ = {
			isa = XCBuildConfiguration;
			buildSettings = {
				ALWAYS_SEARCH_USER_PATHS = NO;
				CLANG_ANALYZER_NONNULL = YES;
				CLANG_ANALYZER_NUMBER_OBJECT_CONVERSION = YES_AGGRESSIVE;
				CLANG_CXX_LANGUAGE_STANDARD = "gnu++17";
				CLANG_ENABLE_MODULES = YES;
				CLANG_ENABLE_OBJC_ARC = YES;
				CLANG_ENABLE_OBJC_WEAK = YES;
				CLANG_WARN_BLOCK_CAPTURE_AUTORELEASING = YES;
				CLANG_WARN_BOOL_CONVERSION = YES;
				CLANG_WARN_COMMA = YES;
				CLANG_WARN_CONSTANT_CONVERSION = YES;
				CLANG_WARN_DEPRECATED_OBJC_IMPLEMENTATIONS = YES;
				CLANG_WARN_DIRECT_OBJC_ISA_USAGE = YES_ERROR;
				CLANG_WARN_DOCUMENTATION_COMMENTS = YES;
				CLANG_WARN_EMPTY_BODY = YES;
				CLANG_WARN_ENUM_CONVERSION = YES;
				CLANG_WARN_INFINITE_RECURSION = YES;
				CLANG_WARN_INT_CONVERSION = YES;
				CLANG_WARN_NON_LITERAL_NULL_CONVERSION = YES;
				CLANG_WARN_OBJC_IMPLICIT_RETAIN_SELF = YES;
				CLANG_WARN_OBJC_LITERAL_CONVERSION = YES;
				CLANG_WARN_OBJC_ROOT_CLASS = YES_ERROR;
				CLANG_WARN_QUOTED_INCLUDE_IN_FRAMEWORK_HEADER = YES;
				CLANG_WARN_RANGE_LOOP_ANALYSIS = YES;
				CLANG_WARN_STRICT_PROTOTYPES = YES;
				CLANG_WARN_SUSPICIOUS_MOVE = YES;
				CLANG_WARN_UNGUARDED_AVAILABILITY = YES_AGGRESSIVE;
				CLANG_WARN_UNREACHABLE_CODE = YES;
				CLANG_WARN__DUPLICATE_METHOD_MATCH = YES;
				COPY_PHASE_STRIP = NO;
				DEBUG_INFORMATION_FORMAT = dwarf;
				ENABLE_STRICT_OBJC_MSGSEND = YES;
				ENABLE_TESTABILITY = YES;
				GCC_C_LANGUAGE_STANDARD = gnu11;
				GCC_DYNAMIC_NO_PIC = NO;
				GCC_NO_COMMON_BLOCKS = YES;
				GCC_OPTIMIZATION_LEVEL = 0;
				GCC_PREPROCESSOR_DEFINITIONS = (
					"DEBUG=1",
					"$(inherited)",
				);
				GCC_WARN_64_TO_32_BIT_CONVERSION = YES;
				GCC_WARN_ABOUT_RETURN_TYPE = YES_ERROR;
				GCC_WARN_UNDECLARED_SELECTOR = YES;
				GCC_WARN_UNINITIALIZED_AUTOS = YES_AGGRESSIVE;
				GCC_WARN_UNUSED_FUNCTION = YES;
				GCC_WARN_UNUSED_VARIABLE = YES;
				IPHONEOS_DEPLOYMENT_TARGET = 15.5;
				MTL_ENABLE_DEBUG_INFO = INCLUDE_SOURCE;
				MTL_FAST_MATH = YES;
				ONLY_ACTIVE_ARCH = YES;
				SDKROOT = iphoneos;
				SWIFT_ACTIVE_COMPILATION_CONDITIONS = DEBUG;
				SWIFT_OPTIMIZATION_LEVEL = "-Onone";
			};
			name = Debug;
		};
		075F2AE42861D4950038D405 /* Release */ = {
			isa = XCBuildConfiguration;
			buildSettings = {
				ALWAYS_SEARCH_USER_PATHS = NO;
				CLANG_ANALYZER_NONNULL = YES;
				CLANG_ANALYZER_NUMBER_OBJECT_CONVERSION = YES_AGGRESSIVE;
				CLANG_CXX_LANGUAGE_STANDARD = "gnu++17";
				CLANG_ENABLE_MODULES = YES;
				CLANG_ENABLE_OBJC_ARC = YES;
				CLANG_ENABLE_OBJC_WEAK = YES;
				CLANG_WARN_BLOCK_CAPTURE_AUTORELEASING = YES;
				CLANG_WARN_BOOL_CONVERSION = YES;
				CLANG_WARN_COMMA = YES;
				CLANG_WARN_CONSTANT_CONVERSION = YES;
				CLANG_WARN_DEPRECATED_OBJC_IMPLEMENTATIONS = YES;
				CLANG_WARN_DIRECT_OBJC_ISA_USAGE = YES_ERROR;
				CLANG_WARN_DOCUMENTATION_COMMENTS = YES;
				CLANG_WARN_EMPTY_BODY = YES;
				CLANG_WARN_ENUM_CONVERSION = YES;
				CLANG_WARN_INFINITE_RECURSION = YES;
				CLANG_WARN_INT_CONVERSION = YES;
				CLANG_WARN_NON_LITERAL_NULL_CONVERSION = YES;
				CLANG_WARN_OBJC_IMPLICIT_RETAIN_SELF = YES;
				CLANG_WARN_OBJC_LITERAL_CONVERSION = YES;
				CLANG_WARN_OBJC_ROOT_CLASS = YES_ERROR;
				CLANG_WARN_QUOTED_INCLUDE_IN_FRAMEWORK_HEADER = YES;
				CLANG_WARN_RANGE_LOOP_ANALYSIS = YES;
				CLANG_WARN_STRICT_PROTOTYPES = YES;
				CLANG_WARN_SUSPICIOUS_MOVE = YES;
				CLANG_WARN_UNGUARDED_AVAILABILITY = YES_AGGRESSIVE;
				CLANG_WARN_UNREACHABLE_CODE = YES;
				CLANG_WARN__DUPLICATE_METHOD_MATCH = YES;
				COPY_PHASE_STRIP = NO;
				DEBUG_INFORMATION_FORMAT = "dwarf-with-dsym";
				ENABLE_NS_ASSERTIONS = NO;
				ENABLE_STRICT_OBJC_MSGSEND = YES;
				GCC_C_LANGUAGE_STANDARD = gnu11;
				GCC_NO_COMMON_BLOCKS = YES;
				GCC_WARN_64_TO_32_BIT_CONVERSION = YES;
				GCC_WARN_ABOUT_RETURN_TYPE = YES_ERROR;
				GCC_WARN_UNDECLARED_SELECTOR = YES;
				GCC_WARN_UNINITIALIZED_AUTOS = YES_AGGRESSIVE;
				GCC_WARN_UNUSED_FUNCTION = YES;
				GCC_WARN_UNUSED_VARIABLE = YES;
				IPHONEOS_DEPLOYMENT_TARGET = 15.5;
				MTL_ENABLE_DEBUG_INFO = NO;
				MTL_FAST_MATH = YES;
				SDKROOT = iphoneos;
				SWIFT_COMPILATION_MODE = wholemodule;
				SWIFT_OPTIMIZATION_LEVEL = "-O";
				VALIDATE_PRODUCT = YES;
			};
			name = Release;
		};
		075F2AE62861D4950038D405 /* Debug */ = {
			isa = XCBuildConfiguration;
			buildSettings = {
				ASSETCATALOG_COMPILER_APPICON_NAME = AppIcon;
				ASSETCATALOG_COMPILER_GLOBAL_ACCENT_COLOR_NAME = AccentColor;
				CODE_SIGN_STYLE = Automatic;
				CURRENT_PROJECT_VERSION = 1;
				DEVELOPMENT_TEAM = ASULA5H36M;
				GENERATE_INFOPLIST_FILE = YES;
				INFOPLIST_FILE = RandomPhotoGenerator/Info.plist;
				INFOPLIST_KEY_UIApplicationSupportsIndirectInputEvents = YES;
				INFOPLIST_KEY_UILaunchStoryboardName = LaunchScreen;
				INFOPLIST_KEY_UIMainStoryboardFile = Main;
				INFOPLIST_KEY_UISupportedInterfaceOrientations_iPad = "UIInterfaceOrientationPortrait UIInterfaceOrientationPortraitUpsideDown UIInterfaceOrientationLandscapeLeft UIInterfaceOrientationLandscapeRight";
				INFOPLIST_KEY_UISupportedInterfaceOrientations_iPhone = "UIInterfaceOrientationPortrait UIInterfaceOrientationLandscapeLeft UIInterfaceOrientationLandscapeRight";
				LD_RUNPATH_SEARCH_PATHS = (
					"$(inherited)",
					"@executable_path/Frameworks",
				);
				MARKETING_VERSION = 1.0;
				PRODUCT_BUNDLE_IDENTIFIER = Vladislavscompany.RandomPhotoGenerator;
				PRODUCT_NAME = "$(TARGET_NAME)";
				SWIFT_EMIT_LOC_STRINGS = YES;
				SWIFT_VERSION = 5.0;
				TARGETED_DEVICE_FAMILY = "1,2";
			};
			name = Debug;
		};
		075F2AE72861D4950038D405 /* Release */ = {
			isa = XCBuildConfiguration;
			buildSettings = {
				ASSETCATALOG_COMPILER_APPICON_NAME = AppIcon;
				ASSETCATALOG_COMPILER_GLOBAL_ACCENT_COLOR_NAME = AccentColor;
				CODE_SIGN_STYLE = Automatic;
				CURRENT_PROJECT_VERSION = 1;
				DEVELOPMENT_TEAM = ASULA5H36M;
				GENERATE_INFOPLIST_FILE = YES;
				INFOPLIST_FILE = RandomPhotoGenerator/Info.plist;
				INFOPLIST_KEY_UIApplicationSupportsIndirectInputEvents = YES;
				INFOPLIST_KEY_UILaunchStoryboardName = LaunchScreen;
				INFOPLIST_KEY_UIMainStoryboardFile = Main;
				INFOPLIST_KEY_UISupportedInterfaceOrientations_iPad = "UIInterfaceOrientationPortrait UIInterfaceOrientationPortraitUpsideDown UIInterfaceOrientationLandscapeLeft UIInterfaceOrientationLandscapeRight";
				INFOPLIST_KEY_UISupportedInterfaceOrientations_iPhone = "UIInterfaceOrientationPortrait UIInterfaceOrientationLandscapeLeft UIInterfaceOrientationLandscapeRight";
				LD_RUNPATH_SEARCH_PATHS = (
					"$(inherited)",
					"@executable_path/Frameworks",
				);
				MARKETING_VERSION = 1.0;
				PRODUCT_BUNDLE_IDENTIFIER = Vladislavscompany.RandomPhotoGenerator;
				PRODUCT_NAME = "$(TARGET_NAME)";
				SWIFT_EMIT_LOC_STRINGS = YES;
				SWIFT_VERSION = 5.0;
				TARGETED_DEVICE_FAMILY = "1,2";
			};
			name = Release;
		};
		075F2AE92861D4950038D405 /* Debug */ = {
			isa = XCBuildConfiguration;
			buildSettings = {
				ALWAYS_EMBED_SWIFT_STANDARD_LIBRARIES = YES;
				BUNDLE_LOADER = "$(TEST_HOST)";
				CODE_SIGN_STYLE = Automatic;
				CURRENT_PROJECT_VERSION = 1;
				DEVELOPMENT_TEAM = ASULA5H36M;
				GENERATE_INFOPLIST_FILE = YES;
				IPHONEOS_DEPLOYMENT_TARGET = 15.5;
				MARKETING_VERSION = 1.0;
				PRODUCT_BUNDLE_IDENTIFIER = Vladislavscompany.RandomPhotoGeneratorTests;
				PRODUCT_NAME = "$(TARGET_NAME)";
				SWIFT_EMIT_LOC_STRINGS = NO;
				SWIFT_VERSION = 5.0;
				TARGETED_DEVICE_FAMILY = "1,2";
				TEST_HOST = "$(BUILT_PRODUCTS_DIR)/RandomPhotoGenerator.app/RandomPhotoGenerator";
			};
			name = Debug;
		};
		075F2AEA2861D4950038D405 /* Release */ = {
			isa = XCBuildConfiguration;
			buildSettings = {
				ALWAYS_EMBED_SWIFT_STANDARD_LIBRARIES = YES;
				BUNDLE_LOADER = "$(TEST_HOST)";
				CODE_SIGN_STYLE = Automatic;
				CURRENT_PROJECT_VERSION = 1;
				DEVELOPMENT_TEAM = ASULA5H36M;
				GENERATE_INFOPLIST_FILE = YES;
				IPHONEOS_DEPLOYMENT_TARGET = 15.5;
				MARKETING_VERSION = 1.0;
				PRODUCT_BUNDLE_IDENTIFIER = Vladislavscompany.RandomPhotoGeneratorTests;
				PRODUCT_NAME = "$(TARGET_NAME)";
				SWIFT_EMIT_LOC_STRINGS = NO;
				SWIFT_VERSION = 5.0;
				TARGETED_DEVICE_FAMILY = "1,2";
				TEST_HOST = "$(BUILT_PRODUCTS_DIR)/RandomPhotoGenerator.app/RandomPhotoGenerator";
			};
			name = Release;
		};
		075F2AEC2861D4950038D405 /* Debug */ = {
			isa = XCBuildConfiguration;
			buildSettings = {
				ALWAYS_EMBED_SWIFT_STANDARD_LIBRARIES = YES;
				CODE_SIGN_STYLE = Automatic;
				CURRENT_PROJECT_VERSION = 1;
				DEVELOPMENT_TEAM = ASULA5H36M;
				GENERATE_INFOPLIST_FILE = YES;
				MARKETING_VERSION = 1.0;
				PRODUCT_BUNDLE_IDENTIFIER = Vladislavscompany.RandomPhotoGeneratorUITests;
				PRODUCT_NAME = "$(TARGET_NAME)";
				SWIFT_EMIT_LOC_STRINGS = NO;
				SWIFT_VERSION = 5.0;
				TARGETED_DEVICE_FAMILY = "1,2";
				TEST_TARGET_NAME = RandomPhotoGenerator;
			};
			name = Debug;
		};
		075F2AED2861D4950038D405 /* Release */ = {
			isa = XCBuildConfiguration;
			buildSettings = {
				ALWAYS_EMBED_SWIFT_STANDARD_LIBRARIES = YES;
				CODE_SIGN_STYLE = Automatic;
				CURRENT_PROJECT_VERSION = 1;
				DEVELOPMENT_TEAM = ASULA5H36M;
				GENERATE_INFOPLIST_FILE = YES;
				MARKETING_VERSION = 1.0;
				PRODUCT_BUNDLE_IDENTIFIER = Vladislavscompany.RandomPhotoGeneratorUITests;
				PRODUCT_NAME = "$(TARGET_NAME)";
				SWIFT_EMIT_LOC_STRINGS = NO;
				SWIFT_VERSION = 5.0;
				TARGETED_DEVICE_FAMILY = "1,2";
				TEST_TARGET_NAME = RandomPhotoGenerator;
			};
			name = Release;
		};
/* End XCBuildConfiguration section */

/* Begin XCConfigurationList section */
		075F2AB62861D4940038D405 /* Build configuration list for PBXProject "RandomPhotoGenerator" */ = {
			isa = XCConfigurationList;
			buildConfigurations = (
				075F2AE32861D4950038D405 /* Debug */,
				075F2AE42861D4950038D405 /* Release */,
			);
			defaultConfigurationIsVisible = 0;
			defaultConfigurationName = Release;
		};
		075F2AE52861D4950038D405 /* Build configuration list for PBXNativeTarget "RandomPhotoGenerator" */ = {
			isa = XCConfigurationList;
			buildConfigurations = (
				075F2AE62861D4950038D405 /* Debug */,
				075F2AE72861D4950038D405 /* Release */,
			);
			defaultConfigurationIsVisible = 0;
			defaultConfigurationName = Release;
		};
		075F2AE82861D4950038D405 /* Build configuration list for PBXNativeTarget "RandomPhotoGeneratorTests" */ = {
			isa = XCConfigurationList;
			buildConfigurations = (
				075F2AE92861D4950038D405 /* Debug */,
				075F2AEA2861D4950038D405 /* Release */,
			);
			defaultConfigurationIsVisible = 0;
			defaultConfigurationName = Release;
		};
		075F2AEB2861D4950038D405 /* Build configuration list for PBXNativeTarget "RandomPhotoGeneratorUITests" */ = {
			isa = XCConfigurationList;
			buildConfigurations = (
				075F2AEC2861D4950038D405 /* Debug */,
				075F2AED2861D4950038D405 /* Release */,
			);
			defaultConfigurationIsVisible = 0;
			defaultConfigurationName = Release;
		};
/* End XCConfigurationList section */
	};
	rootObject = 075F2AB32861D4940038D405 /* Project object */;
}
